
Microsoft Visual Studio Solution File, Format Version 12.00
# Visual Studio 15
VisualStudioVersion = 15.0.28307.271
MinimumVisualStudioVersion = 10.0.40219.1
Project("{9A19103F-16F7-4668-BE54-9A1E7A4F7556}") = "WebApplication5", "WebApplication5\WebApplication5.csproj", "{9414A107-D5AE-4A6B-BE63-80B445FE8DE1}"
EndProject
Project("{9A19103F-16F7-4668-BE54-9A1E7A4F7556}") = "XUnitTest", "XUnitTest\XUnitTest.csproj", "{6FB6ACE2-E977-4A3F-8F4E-DA53AEC407BD}"
EndProject
Project("{9A19103F-16F7-4668-BE54-9A1E7A4F7556}") = "IntegrationTest", "IntegrationTest\IntegrationTest.csproj", "{973D7D91-24D4-4553-9722-AB201F1663D8}"
EndProject
Global
	GlobalSection(SolutionConfigurationPlatforms) = preSolution
		Debug|Any CPU = Debug|Any CPU
		Release|Any CPU = Release|Any CPU
	EndGlobalSection
	GlobalSection(ProjectConfigurationPlatforms) = postSolution
		{9414A107-D5AE-4A6B-BE63-80B445FE8DE1}.Debug|Any CPU.ActiveCfg = Debug|Any CPU
		{9414A107-D5AE-4A6B-BE63-80B445FE8DE1}.Debug|Any CPU.Build.0 = Debug|Any CPU
		{9414A107-D5AE-4A6B-BE63-80B445FE8DE1}.Release|Any CPU.ActiveCfg = Release|Any CPU
		{9414A107-D5AE-4A6B-BE63-80B445FE8DE1}.Release|Any CPU.Build.0 = Release|Any CPU
		{6FB6ACE2-E977-4A3F-8F4E-DA53AEC407BD}.Debug|Any CPU.ActiveCfg = Debug|Any CPU
		{6FB6ACE2-E977-4A3F-8F4E-DA53AEC407BD}.Debug|Any CPU.Build.0 = Debug|Any CPU
		{6FB6ACE2-E977-4A3F-8F4E-DA53AEC407BD}.Release|Any CPU.ActiveCfg = Release|Any CPU
		{6FB6ACE2-E977-4A3F-8F4E-DA53AEC407BD}.Release|Any CPU.Build.0 = Release|Any CPU
		{973D7D91-24D4-4553-9722-AB201F1663D8}.Debug|Any CPU.ActiveCfg = Debug|Any CPU
		{973D7D91-24D4-4553-9722-AB201F1663D8}.Debug|Any CPU.Build.0 = Debug|Any CPU
		{973D7D91-24D4-4553-9722-AB201F1663D8}.Release|Any CPU.ActiveCfg = Release|Any CPU
		{973D7D91-24D4-4553-9722-AB201F1663D8}.Release|Any CPU.Build.0 = Release|Any CPU
	EndGlobalSection
	GlobalSection(SolutionProperties) = preSolution
		HideSolutionNode = FALSE
	EndGlobalSection
	GlobalSection(ExtensibilityGlobals) = postSolution
		SolutionGuid = {CBFD37D1-6B2E-49AE-BB1F-7D7FAA2A9294}
	EndGlobalSection
EndGlobal
